// !$*UTF8*$!
{
	archiveVersion = 1;
	classes = {
	};
	objectVersion = 48;
	objects = {

/* Begin PBXBuildFile section */
		EAA66B0C208409DC00447707 /* AppDelegate.swift in Sources */ = {isa = PBXBuildFile; fileRef = EAA66B0B208409DC00447707 /* AppDelegate.swift */; };
		EAA66B0E208409DC00447707 /* ViewController.swift in Sources */ = {isa = PBXBuildFile; fileRef = EAA66B0D208409DC00447707 /* ViewController.swift */; };
		EAA66B11208409DC00447707 /* Main.storyboard in Resources */ = {isa = PBXBuildFile; fileRef = EAA66B0F208409DC00447707 /* Main.storyboard */; };
		EAA66B13208409DC00447707 /* Assets.xcassets in Resources */ = {isa = PBXBuildFile; fileRef = EAA66B12208409DC00447707 /* Assets.xcassets */; };
		EAA66B16208409DC00447707 /* LaunchScreen.storyboard in Resources */ = {isa = PBXBuildFile; fileRef = EAA66B14208409DC00447707 /* LaunchScreen.storyboard */; };
		EAC0C4D820841AC0003A4EA0 /* ColorViewModel.swift in Sources */ = {isa = PBXBuildFile; fileRef = EAC0C4D720841AC0003A4EA0 /* ColorViewModel.swift */; };
		EAC0C4DA20841B77003A4EA0 /* ColorManager.swift in Sources */ = {isa = PBXBuildFile; fileRef = EAC0C4D920841B77003A4EA0 /* ColorManager.swift */; };
/* End PBXBuildFile section */

/* Begin PBXFileReference section */
		EAA66B08208409DC00447707 /* Homework5_LM.app */ = {isa = PBXFileReference; explicitFileType = wrapper.application; includeInIndex = 0; path = Homework5_LM.app; sourceTree = BUILT_PRODUCTS_DIR; };
		EAA66B0B208409DC00447707 /* AppDelegate.swift */ = {isa = PBXFileReference; lastKnownFileType = sourcecode.swift; path = AppDelegate.swift; sourceTree = "<group>"; };
		EAA66B0D208409DC00447707 /* ViewController.swift */ = {isa = PBXFileReference; lastKnownFileType = sourcecode.swift; path = ViewController.swift; sourceTree = "<group>"; };
		EAA66B10208409DC00447707 /* Base */ = {isa = PBXFileReference; lastKnownFileType = file.storyboard; name = Base; path = Base.lproj/Main.storyboard; sourceTree = "<group>"; };
		EAA66B12208409DC00447707 /* Assets.xcassets */ = {isa = PBXFileReference; lastKnownFileType = folder.assetcatalog; path = Assets.xcassets; sourceTree = "<group>"; };
		EAA66B15208409DC00447707 /* Base */ = {isa = PBXFileReference; lastKnownFileType = file.storyboard; name = Base; path = Base.lproj/LaunchScreen.storyboard; sourceTree = "<group>"; };
		EAA66B17208409DC00447707 /* Info.plist */ = {isa = PBXFileReference; lastKnownFileType = text.plist.xml; path = Info.plist; sourceTree = "<group>"; };
		EAC0C4D720841AC0003A4EA0 /* ColorViewModel.swift */ = {isa = PBXFileReference; lastKnownFileType = sourcecode.swift; path = ColorViewModel.swift; sourceTree = "<group>"; };
		EAC0C4D920841B77003A4EA0 /* ColorManager.swift */ = {isa = PBXFileReference; lastKnownFileType = sourcecode.swift; path = ColorManager.swift; sourceTree = "<group>"; };
/* End PBXFileReference section */

/* Begin PBXFrameworksBuildPhase section */
		EAA66B05208409DC00447707 /* Frameworks */ = {
			isa = PBXFrameworksBuildPhase;
			buildActionMask = 2147483647;
			files = (
			);
			runOnlyForDeploymentPostprocessing = 0;
		};
/* End PBXFrameworksBuildPhase section */

/* Begin PBXGroup section */
		EAA66AFF208409DC00447707 = {
			isa = PBXGroup;
			children = (
				EAA66B0A208409DC00447707 /* Homework5_LM */,
				EAA66B09208409DC00447707 /* Products */,
			);
			sourceTree = "<group>";
		};
		EAA66B09208409DC00447707 /* Products */ = {
			isa = PBXGroup;
			children = (
				EAA66B08208409DC00447707 /* Homework5_LM.app */,
			);
			name = Products;
			sourceTree = "<group>";
		};
		EAA66B0A208409DC00447707 /* Homework5_LM */ = {
			isa = PBXGroup;
			children = (
				EAA66B0B208409DC00447707 /* AppDelegate.swift */,
				EAA66B0D208409DC00447707 /* ViewController.swift */,
				EAA66B0F208409DC00447707 /* Main.storyboard */,
				EAA66B12208409DC00447707 /* Assets.xcassets */,
				EAA66B14208409DC00447707 /* LaunchScreen.storyboard */,
				EAA66B17208409DC00447707 /* Info.plist */,
				EAC0C4D720841AC0003A4EA0 /* ColorViewModel.swift */,
				EAC0C4D920841B77003A4EA0 /* ColorManager.swift */,
			);
			path = Homework5_LM;
			sourceTree = "<group>";
		};
/* End PBXGroup section */

/* Begin PBXNativeTarget section */
		EAA66B07208409DC00447707 /* Homework5_LM */ = {
			isa = PBXNativeTarget;
			buildConfigurationList = EAA66B1A208409DC00447707 /* Build configuration list for PBXNativeTarget "Homework5_LM" */;
			buildPhases = (
				EAA66B04208409DC00447707 /* Sources */,
				EAA66B05208409DC00447707 /* Frameworks */,
				EAA66B06208409DC00447707 /* Resources */,
			);
			buildRules = (
			);
			dependencies = (
			);
			name = Homework5_LM;
			productName = Homework5_LM;
			productReference = EAA66B08208409DC00447707 /* Homework5_LM.app */;
			productType = "com.apple.product-type.application";
		};
/* End PBXNativeTarget section */

/* Begin PBXProject section */
		EAA66B00208409DC00447707 /* Project object */ = {
			isa = PBXProject;
			attributes = {
				LastSwiftUpdateCheck = 0920;
				LastUpgradeCheck = 0920;
				ORGANIZATIONNAME = "Leonardo Maldonado";
				TargetAttributes = {
					EAA66B07208409DC00447707 = {
						CreatedOnToolsVersion = 9.2;
						ProvisioningStyle = Automatic;
					};
				};
			};
			buildConfigurationList = EAA66B03208409DC00447707 /* Build configuration list for PBXProject "Homework5_LM" */;
			compatibilityVersion = "Xcode 8.0";
			developmentRegion = en;
			hasScannedForEncodings = 0;
			knownRegions = (
				en,
				Base,
			);
			mainGroup = EAA66AFF208409DC00447707;
			productRefGroup = EAA66B09208409DC00447707 /* Products */;
			projectDirPath = "";
			projectRoot = "";
			targets = (
				EAA66B07208409DC00447707 /* Homework5_LM */,
			);
		};
/* End PBXProject section */

/* Begin PBXResourcesBuildPhase section */
		EAA66B06208409DC00447707 /* Resources */ = {
			isa = PBXResourcesBuildPhase;
			buildActionMask = 2147483647;
			files = (
				EAA66B16208409DC00447707 /* LaunchScreen.storyboard in Resources */,
				EAA66B13208409DC00447707 /* Assets.xcassets in Resources */,
				EAA66B11208409DC00447707 /* Main.storyboard in Resources */,
			);
			runOnlyForDeploymentPostprocessing = 0;
		};
/* End PBXResourcesBuildPhase section */

/* Begin PBXSourcesBuildPhase section */
		EAA66B04208409DC00447707 /* Sources */ = {
			isa = PBXSourcesBuildPhase;
			buildActionMask = 2147483647;
			files = (
				EAA66B0E208409DC00447707 /* ViewController.swift in Sources */,
				EAA66B0C208409DC00447707 /* AppDelegate.swift in Sources */,
				EAC0C4D820841AC0003A4EA0 /* ColorViewModel.swift in Sources */,
				EAC0C4DA20841B77003A4EA0 /* ColorManager.swift in Sources */,
			);
			runOnlyForDeploymentPostprocessing = 0;
		};
/* End PBXSourcesBuildPhase section */

/* Begin PBXVariantGroup section */
		EAA66B0F208409DC00447707 /* Main.storyboard */ = {
			isa = PBXVariantGroup;
			children = (
				EAA66B10208409DC00447707 /* Base */,
			);
			name = Main.storyboard;
			sourceTree = "<group>";
		};
		EAA66B14208409DC00447707 /* LaunchScreen.storyboard */ = {
			isa = PBXVariantGroup;
			children = (
				EAA66B15208409DC00447707 /* Base */,
			);
			name = LaunchScreen.storyboard;
			sourceTree = "<group>";
		};
/* End PBXVariantGroup section */

/* Begin XCBuildConfiguration section */
		EAA66B18208409DC00447707 /* Debug */ = {
			isa = XCBuildConfiguration;
			buildSettings = {
				ALWAYS_SEARCH_USER_PATHS = NO;
				CLANG_ANALYZER_NONNULL = YES;
				CLANG_ANALYZER_NUMBER_OBJECT_CONVERSION = YES_AGGRESSIVE;
				CLANG_CXX_LANGUAGE_STANDARD = "gnu++14";
				CLANG_CXX_LIBRARY = "libc++";
				CLANG_ENABLE_MODULES = YES;
				CLANG_ENABLE_OBJC_ARC = YES;
				CLANG_WARN_BLOCK_CAPTURE_AUTORELEASING = YES;
				CLANG_WARN_BOOL_CONVERSION = YES;
				CLANG_WARN_COMMA = YES;
				CLANG_WARN_CONSTANT_CONVERSION = YES;
				CLANG_WARN_DIRECT_OBJC_ISA_USAGE = YES_ERROR;
				CLANG_WARN_DOCUMENTATION_COMMENTS = YES;
				CLANG_WARN_EMPTY_BODY = YES;
				CLANG_WARN_ENUM_CONVERSION = YES;
				CLANG_WARN_INFINITE_RECURSION = YES;
				CLANG_WARN_INT_CONVERSION = YES;
				CLANG_WARN_NON_LITERAL_NULL_CONVERSION = YES;
				CLANG_WARN_OBJC_LITERAL_CONVERSION = YES;
				CLANG_WARN_OBJC_ROOT_CLASS = YES_ERROR;
				CLANG_WARN_RANGE_LOOP_ANALYSIS = YES;
				CLANG_WARN_STRICT_PROTOTYPES = YES;
				CLANG_WARN_SUSPICIOUS_MOVE = YES;
				CLANG_WARN_UNGUARDED_AVAILABILITY = YES_AGGRESSIVE;
				CLANG_WARN_UNREACHABLE_CODE = YES;
				CLANG_WARN__DUPLICATE_METHOD_MATCH = YES;
				CODE_SIGN_IDENTITY = "iPhone Developer";
				COPY_PHASE_STRIP = NO;
				DEBUG_INFORMATION_FORMAT = dwarf;
				ENABLE_STRICT_OBJC_MSGSEND = YES;
				ENABLE_TESTABILITY = YES;
				GCC_C_LANGUAGE_STANDARD = gnu11;
				GCC_DYNAMIC_NO_PIC = NO;
				GCC_NO_COMMON_BLOCKS = YES;
				GCC_OPTIMIZATION_LEVEL = 0;
				GCC_PREPROCESSOR_DEFINITIONS = (
					"DEBUG=1",
					"$(inherited)",
				);
				GCC_WARN_64_TO_32_BIT_CONVERSION = YES;
				GCC_WARN_ABOUT_RETURN_TYPE = YES_ERROR;
				GCC_WARN_UNDECLARED_SELECTOR = YES;
				GCC_WARN_UNINITIALIZED_AUTOS = YES_AGGRESSIVE;
				GCC_WARN_UNUSED_FUNCTION = YES;
				GCC_WARN_UNUSED_VARIABLE = YES;
				IPHONEOS_DEPLOYMENT_TARGET = 11.2;
				MTL_ENABLE_DEBUG_INFO = YES;
				ONLY_ACTIVE_ARCH = YES;
				SDKROOT = iphoneos;
				SWIFT_ACTIVE_COMPILATION_CONDITIONS = DEBUG;
				SWIFT_OPTIMIZATION_LEVEL = "-Onone";
			};
			name = Debug;
		};
		EAA66B19208409DC00447707 /* Release */ = {
			isa = XCBuildConfiguration;
			buildSettings = {
				ALWAYS_SEARCH_USER_PATHS = NO;
				CLANG_ANALYZER_NONNULL = YES;
				CLANG_ANALYZER_NUMBER_OBJECT_CONVERSION = YES_AGGRESSIVE;
				CLANG_CXX_LANGUAGE_STANDARD = "gnu++14";
				CLANG_CXX_LIBRARY = "libc++";
				CLANG_ENABLE_MODULES = YES;
				CLANG_ENABLE_OBJC_ARC = YES;
				CLANG_WARN_BLOCK_CAPTURE_AUTORELEASING = YES;
				CLANG_WARN_BOOL_CONVERSION = YES;
				CLANG_WARN_COMMA = YES;
				CLANG_WARN_CONSTANT_CONVERSION = YES;
				CLANG_WARN_DIRECT_OBJC_ISA_USAGE = YES_ERROR;
				CLANG_WARN_DOCUMENTATION_COMMENTS = YES;
				CLANG_WARN_EMPTY_BODY = YES;
				CLANG_WARN_ENUM_CONVERSION = YES;
				CLANG_WARN_INFINITE_RECURSION = YES;
				CLANG_WARN_INT_CONVERSION = YES;
				CLANG_WARN_NON_LITERAL_NULL_CONVERSION = YES;
				CLANG_WARN_OBJC_LITERAL_CONVERSION = YES;
				CLANG_WARN_OBJC_ROOT_CLASS = YES_ERROR;
				CLANG_WARN_RANGE_LOOP_ANALYSIS = YES;
				CLANG_WARN_STRICT_PROTOTYPES = YES;
				CLANG_WARN_SUSPICIOUS_MOVE = YES;
				CLANG_WARN_UNGUARDED_AVAILABILITY = YES_AGGRESSIVE;
				CLANG_WARN_UNREACHABLE_CODE = YES;
				CLANG_WARN__DUPLICATE_METHOD_MATCH = YES;
				CODE_SIGN_IDENTITY = "iPhone Developer";
				COPY_PHASE_STRIP = NO;
				DEBUG_INFORMATION_FORMAT = "dwarf-with-dsym";
				ENABLE_NS_ASSERTIONS = NO;
				ENABLE_STRICT_OBJC_MSGSEND = YES;
				GCC_C_LANGUAGE_STANDARD = gnu11;
				GCC_NO_COMMON_BLOCKS = YES;
				GCC_WARN_64_TO_32_BIT_CONVERSION = YES;
				GCC_WARN_ABOUT_RETURN_TYPE = YES_ERROR;
				GCC_WARN_UNDECLARED_SELECTOR = YES;
				GCC_WARN_UNINITIALIZED_AUTOS = YES_AGGRESSIVE;
				GCC_WARN_UNUSED_FUNCTION = YES;
				GCC_WARN_UNUSED_VARIABLE = YES;
				IPHONEOS_DEPLOYMENT_TARGET = 11.2;
				MTL_ENABLE_DEBUG_INFO = NO;
				SDKROOT = iphoneos;
				SWIFT_OPTIMIZATION_LEVEL = "-Owholemodule";
				VALIDATE_PRODUCT = YES;
			};
			name = Release;
		};
		EAA66B1B208409DC00447707 /* Debug */ = {
			isa = XCBuildConfiguration;
			buildSettings = {
				ASSETCATALOG_COMPILER_APPICON_NAME = AppIcon;
				CODE_SIGN_STYLE = Automatic;
				DEVELOPMENT_TEAM = 2TXNYU7685;
				INFOPLIST_FILE = Homework5_LM/Info.plist;
				LD_RUNPATH_SEARCH_PATHS = "$(inherited) @executable_path/Frameworks";
				PRODUCT_BUNDLE_IDENTIFIER = "lmaldonadomar.Homework5-LM";
				PRODUCT_NAME = "$(TARGET_NAME)";
				SWIFT_VERSION = 4.0;
				TARGETED_DEVICE_FAMILY = "1,2";
			};
			name = Debug;
		};
		EAA66B1C208409DC00447707 /* Release */ = {
			isa = XCBuildConfiguration;
			buildSettings = {
				ASSETCATALOG_COMPILER_APPICON_NAME = AppIcon;
				CODE_SIGN_STYLE = Automatic;
				DEVELOPMENT_TEAM = 2TXNYU7685;
				INFOPLIST_FILE = Homework5_LM/Info.plist;
				LD_RUNPATH_SEARCH_PATHS = "$(inherited) @executable_path/Frameworks";
				PRODUCT_BUNDLE_IDENTIFIER = "lmaldonadomar.Homework5-LM";
				PRODUCT_NAME = "$(TARGET_NAME)";
				SWIFT_VERSION = 4.0;
				TARGETED_DEVICE_FAMILY = "1,2";
			};
			name = Release;
		};
/* End XCBuildConfiguration section */

/* Begin XCConfigurationList section */
		EAA66B03208409DC00447707 /* Build configuration list for PBXProject "Homework5_LM" */ = {
			isa = XCConfigurationList;
			buildConfigurations = (
				EAA66B18208409DC00447707 /* Debug */,
				EAA66B19208409DC00447707 /* Release */,
			);
			defaultConfigurationIsVisible = 0;
			defaultConfigurationName = Release;
		};
		EAA66B1A208409DC00447707 /* Build configuration list for PBXNativeTarget "Homework5_LM" */ = {
			isa = XCConfigurationList;
			buildConfigurations = (
				EAA66B1B208409DC00447707 /* Debug */,
				EAA66B1C208409DC00447707 /* Release */,
			);
			defaultConfigurationIsVisible = 0;
			defaultConfigurationName = Release;
		};
/* End XCConfigurationList section */
	};
	rootObject = EAA66B00208409DC00447707 /* Project object */;
}
